
Microsoft Visual Studio Solution File, Format Version 12.00
# Visual Studio Version 16
VisualStudioVersion = 16.0.32106.194
MinimumVisualStudioVersion = 10.0.40219.1
Project("{FAE04EC0-301F-11D3-BF4B-00C04F79EFBC}") = "Exam", "Exam\Exam.csproj", "{8704373B-AE9C-41AA-AB68-CE9C07EAB906}"
EndProject
Global
	GlobalSection(SolutionConfigurationPlatforms) = preSolution
		Debug|Any CPU = Debug|Any CPU
		Release|Any CPU = Release|Any CPU
	EndGlobalSection
	GlobalSection(ProjectConfigurationPlatforms) = postSolution
		{8704373B-AE9C-41AA-AB68-CE9C07EAB906}.Debug|Any CPU.ActiveCfg = Debug|Any CPU
		{8704373B-AE9C-41AA-AB68-CE9C07EAB906}.Debug|Any CPU.Build.0 = Debug|Any CPU
		{8704373B-AE9C-41AA-AB68-CE9C07EAB906}.Release|Any CPU.ActiveCfg = Release|Any CPU
		{8704373B-AE9C-41AA-AB68-CE9C07EAB906}.Release|Any CPU.Build.0 = Release|Any CPU
	EndGlobalSection
	GlobalSection(SolutionProperties) = preSolution
		HideSolutionNode = FALSE
	EndGlobalSection
	GlobalSection(ExtensibilityGlobals) = postSolution
		SolutionGuid = {BC203ED4-C941-45E8-B9B3-971AAB5A665C}
	EndGlobalSection
EndGlobal
